
Microsoft Visual Studio Solution File, Format Version 12.00
# Visual Studio Version 16
VisualStudioVersion = 16.0.29926.136
MinimumVisualStudioVersion = 10.0.40219.1
Project("{FAE04EC0-301F-11D3-BF4B-00C04F79EFBC}") = "VanillaGhost", "VanillaGhost.csproj", "{E9B854BA-97D1-4D86-AE1B-F6B6B86E9083}"
EndProject
Global
	GlobalSection(SolutionConfigurationPlatforms) = preSolution
		Debug|Any CPU = Debug|Any CPU
		Release|Any CPU = Release|Any CPU
	EndGlobalSection
	GlobalSection(ProjectConfigurationPlatforms) = postSolution
		{E9B854BA-97D1-4D86-AE1B-F6B6B86E9083}.Debug|Any CPU.ActiveCfg = Debug|Any CPU
		{E9B854BA-97D1-4D86-AE1B-F6B6B86E9083}.Debug|Any CPU.Build.0 = Debug|Any CPU
		{E9B854BA-97D1-4D86-AE1B-F6B6B86E9083}.Release|Any CPU.ActiveCfg = Release|Any CPU
		{E9B854BA-97D1-4D86-AE1B-F6B6B86E9083}.Release|Any CPU.Build.0 = Release|Any CPU
	EndGlobalSection
	GlobalSection(SolutionProperties) = preSolution
		HideSolutionNode = FALSE
	EndGlobalSection
	GlobalSection(ExtensibilityGlobals) = postSolution
		SolutionGuid = {720E90C7-07C6-4A3E-838C-368799799307}
	EndGlobalSection
EndGlobal
